
Microsoft Visual Studio Solution File, Format Version 12.00
# Visual Studio Version 17
VisualStudioVersion = 17.13.35617.110
MinimumVisualStudioVersion = 10.0.40219.1
Project("{FAE04EC0-301F-11D3-BF4B-00C04F79EFBC}") = "E-Book Store", "E-Book Store.csproj", "{3B84330E-9686-4001-BCD6-944A096E29BF}"
EndProject
Project("{FAE04EC0-301F-11D3-BF4B-00C04F79EFBC}") = "E-Book Tests", "E-Book Tests\E-Book Tests.csproj", "{1C036485-D24F-45F7-80E6-358EF548D94F}"
EndProject
Global
	GlobalSection(SolutionConfigurationPlatforms) = preSolution
		Debug|Any CPU = Debug|Any CPU
		Release|Any CPU = Release|Any CPU
	EndGlobalSection
	GlobalSection(ProjectConfigurationPlatforms) = postSolution
		{3B84330E-9686-4001-BCD6-944A096E29BF}.Debug|Any CPU.ActiveCfg = Debug|Any CPU
		{3B84330E-9686-4001-BCD6-944A096E29BF}.Debug|Any CPU.Build.0 = Debug|Any CPU
		{3B84330E-9686-4001-BCD6-944A096E29BF}.Release|Any CPU.ActiveCfg = Release|Any CPU
		{3B84330E-9686-4001-BCD6-944A096E29BF}.Release|Any CPU.Build.0 = Release|Any CPU
		{1C036485-D24F-45F7-80E6-358EF548D94F}.Debug|Any CPU.ActiveCfg = Debug|Any CPU
		{1C036485-D24F-45F7-80E6-358EF548D94F}.Debug|Any CPU.Build.0 = Debug|Any CPU
		{1C036485-D24F-45F7-80E6-358EF548D94F}.Release|Any CPU.ActiveCfg = Release|Any CPU
		{1C036485-D24F-45F7-80E6-358EF548D94F}.Release|Any CPU.Build.0 = Release|Any CPU
	EndGlobalSection
	GlobalSection(SolutionProperties) = preSolution
		HideSolutionNode = FALSE
	EndGlobalSection
	GlobalSection(ExtensibilityGlobals) = postSolution
		SolutionGuid = {5DA2225C-95E5-4D41-8788-F793EAA7E917}
	EndGlobalSection
EndGlobal
